
Microsoft Visual Studio Solution File, Format Version 12.00
# Visual Studio Version 17
VisualStudioVersion = 17.14.36429.23
MinimumVisualStudioVersion = 10.0.40219.1
Project("{2150E333-8FDC-42A3-9474-1A3956D46DE8}") = "Task0", "Task0", "{02EA681E-C7D8-13C7-8484-4AC65E1B71E8}"
EndProject
Project("{FAE04EC0-301F-11D3-BF4B-00C04F79EFBC}") = "Tyuiu.KochetovKO.Sprint5.Task0.V18", "Tyuiu.KochetovKO.Sprint5.Task0.V18\Tyuiu.KochetovKO.Sprint5.Task0.V18.csproj", "{0FD84BAD-43BC-4514-9AE0-8CF6A4209777}"
EndProject
Project("{FAE04EC0-301F-11D3-BF4B-00C04F79EFBC}") = "Tyuiu.KochetovKO.Sprint5.Task0.V18.Lib", "Tyuiu.KochetovKO.Sprint5.Task0.V18.Lib\Tyuiu.KochetovKO.Sprint5.Task0.V18.Lib.csproj", "{279653AC-C7CE-4D3D-9B32-0696146404CA}"
EndProject
Project("{FAE04EC0-301F-11D3-BF4B-00C04F79EFBC}") = "Tyuiu.KochetovKO.Sprint5.Task0.V18.Test", "Tyuiu.KochetovKO.Sprint5.Task0.V18.Test\Tyuiu.KochetovKO.Sprint5.Task0.V18.Test.csproj", "{4E91AF3D-CC32-4849-9FF2-028CDD16A547}"
EndProject
Project("{2150E333-8FDC-42A3-9474-1A3956D46DE8}") = "Task1", "Task1", "{9DEC8741-BE49-4CF2-A61E-A58C585BDB9B}"
EndProject
Project("{FAE04EC0-301F-11D3-BF4B-00C04F79EFBC}") = "Tyuiu.KochetovKO.Sprint5.Task1.V5", "Tyuiu.KochetovKO.Sprint5.Task1.V5\Tyuiu.KochetovKO.Sprint5.Task1.V5.csproj", "{126B2ADA-A171-4258-A331-408461E576D5}"
EndProject
Project("{FAE04EC0-301F-11D3-BF4B-00C04F79EFBC}") = "Tyuiu.KochetovKO.Sprint5.Task1.V5.Lib", "Tyuiu.KochetovKO.Sprint5.Task1.V5.Lib\Tyuiu.KochetovKO.Sprint5.Task1.V5.Lib.csproj", "{FCAD5929-D1AD-418A-87F7-B5A14A2BBD9C}"
EndProject
Project("{FAE04EC0-301F-11D3-BF4B-00C04F79EFBC}") = "Tyuiu.KochetovKO.Sprint5.Task1.V5.Test", "Tyuiu.KochetovKO.Sprint5.Task1.V5.Test\Tyuiu.KochetovKO.Sprint5.Task1.V5.Test.csproj", "{261DC09F-71AE-4B4B-A05E-640D6C8E017C}"
EndProject
Global
	GlobalSection(SolutionConfigurationPlatforms) = preSolution
		Debug|Any CPU = Debug|Any CPU
		Release|Any CPU = Release|Any CPU
	EndGlobalSection
	GlobalSection(ProjectConfigurationPlatforms) = postSolution
		{0FD84BAD-43BC-4514-9AE0-8CF6A4209777}.Debug|Any CPU.ActiveCfg = Debug|Any CPU
		{0FD84BAD-43BC-4514-9AE0-8CF6A4209777}.Debug|Any CPU.Build.0 = Debug|Any CPU
		{0FD84BAD-43BC-4514-9AE0-8CF6A4209777}.Release|Any CPU.ActiveCfg = Release|Any CPU
		{0FD84BAD-43BC-4514-9AE0-8CF6A4209777}.Release|Any CPU.Build.0 = Release|Any CPU
		{279653AC-C7CE-4D3D-9B32-0696146404CA}.Debug|Any CPU.ActiveCfg = Debug|Any CPU
		{279653AC-C7CE-4D3D-9B32-0696146404CA}.Debug|Any CPU.Build.0 = Debug|Any CPU
		{279653AC-C7CE-4D3D-9B32-0696146404CA}.Release|Any CPU.ActiveCfg = Release|Any CPU
		{279653AC-C7CE-4D3D-9B32-0696146404CA}.Release|Any CPU.Build.0 = Release|Any CPU
		{4E91AF3D-CC32-4849-9FF2-028CDD16A547}.Debug|Any CPU.ActiveCfg = Debug|Any CPU
		{4E91AF3D-CC32-4849-9FF2-028CDD16A547}.Debug|Any CPU.Build.0 = Debug|Any CPU
		{4E91AF3D-CC32-4849-9FF2-028CDD16A547}.Release|Any CPU.ActiveCfg = Release|Any CPU
		{4E91AF3D-CC32-4849-9FF2-028CDD16A547}.Release|Any CPU.Build.0 = Release|Any CPU
		{126B2ADA-A171-4258-A331-408461E576D5}.Debug|Any CPU.ActiveCfg = Debug|Any CPU
		{126B2ADA-A171-4258-A331-408461E576D5}.Debug|Any CPU.Build.0 = Debug|Any CPU
		{126B2ADA-A171-4258-A331-408461E576D5}.Release|Any CPU.ActiveCfg = Release|Any CPU
		{126B2ADA-A171-4258-A331-408461E576D5}.Release|Any CPU.Build.0 = Release|Any CPU
		{FCAD5929-D1AD-418A-87F7-B5A14A2BBD9C}.Debug|Any CPU.ActiveCfg = Debug|Any CPU
		{FCAD5929-D1AD-418A-87F7-B5A14A2BBD9C}.Debug|Any CPU.Build.0 = Debug|Any CPU
		{FCAD5929-D1AD-418A-87F7-B5A14A2BBD9C}.Release|Any CPU.ActiveCfg = Release|Any CPU
		{FCAD5929-D1AD-418A-87F7-B5A14A2BBD9C}.Release|Any CPU.Build.0 = Release|Any CPU
		{261DC09F-71AE-4B4B-A05E-640D6C8E017C}.Debug|Any CPU.ActiveCfg = Debug|Any CPU
		{261DC09F-71AE-4B4B-A05E-640D6C8E017C}.Debug|Any CPU.Build.0 = Debug|Any CPU
		{261DC09F-71AE-4B4B-A05E-640D6C8E017C}.Release|Any CPU.ActiveCfg = Release|Any CPU
		{261DC09F-71AE-4B4B-A05E-640D6C8E017C}.Release|Any CPU.Build.0 = Release|Any CPU
	EndGlobalSection
	GlobalSection(SolutionProperties) = preSolution
		HideSolutionNode = FALSE
	EndGlobalSection
	GlobalSection(NestedProjects) = preSolution
		{0FD84BAD-43BC-4514-9AE0-8CF6A4209777} = {02EA681E-C7D8-13C7-8484-4AC65E1B71E8}
		{279653AC-C7CE-4D3D-9B32-0696146404CA} = {02EA681E-C7D8-13C7-8484-4AC65E1B71E8}
		{4E91AF3D-CC32-4849-9FF2-028CDD16A547} = {02EA681E-C7D8-13C7-8484-4AC65E1B71E8}
		{126B2ADA-A171-4258-A331-408461E576D5} = {9DEC8741-BE49-4CF2-A61E-A58C585BDB9B}
		{FCAD5929-D1AD-418A-87F7-B5A14A2BBD9C} = {9DEC8741-BE49-4CF2-A61E-A58C585BDB9B}
		{261DC09F-71AE-4B4B-A05E-640D6C8E017C} = {9DEC8741-BE49-4CF2-A61E-A58C585BDB9B}
	EndGlobalSection
	GlobalSection(ExtensibilityGlobals) = postSolution
		SolutionGuid = {68D0DDF3-D743-45BE-BAFF-285320747B0E}
	EndGlobalSection
EndGlobal
