
Microsoft Visual Studio Solution File, Format Version 12.00
# Visual Studio Version 17
VisualStudioVersion = 17.14.36429.23
MinimumVisualStudioVersion = 10.0.40219.1
Project("{2150E333-8FDC-42A3-9474-1A3956D46DE8}") = "Task0", "Task0", "{02EA681E-C7D8-13C7-8484-4AC65E1B71E8}"
EndProject
Project("{FAE04EC0-301F-11D3-BF4B-00C04F79EFBC}") = "Tyuiu.KochetovKO.Sprint5.Task0.V18", "Tyuiu.KochetovKO.Sprint5.Task0.V18\Tyuiu.KochetovKO.Sprint5.Task0.V18.csproj", "{0FD84BAD-43BC-4514-9AE0-8CF6A4209777}"
EndProject
Project("{FAE04EC0-301F-11D3-BF4B-00C04F79EFBC}") = "Tyuiu.KochetovKO.Sprint5.Task0.V18.Lib", "Tyuiu.KochetovKO.Sprint5.Task0.V18.Lib\Tyuiu.KochetovKO.Sprint5.Task0.V18.Lib.csproj", "{279653AC-C7CE-4D3D-9B32-0696146404CA}"
EndProject
Project("{FAE04EC0-301F-11D3-BF4B-00C04F79EFBC}") = "Tyuiu.KochetovKO.Sprint5.Task0.V18.Test", "Tyuiu.KochetovKO.Sprint5.Task0.V18.Test\Tyuiu.KochetovKO.Sprint5.Task0.V18.Test.csproj", "{4E91AF3D-CC32-4849-9FF2-028CDD16A547}"
EndProject
Project("{2150E333-8FDC-42A3-9474-1A3956D46DE8}") = "Task1", "Task1", "{9DEC8741-BE49-4CF2-A61E-A58C585BDB9B}"
EndProject
Project("{FAE04EC0-301F-11D3-BF4B-00C04F79EFBC}") = "Tyuiu.KochetovKO.Sprint5.Task1.V5", "Tyuiu.KochetovKO.Sprint5.Task1.V5\Tyuiu.KochetovKO.Sprint5.Task1.V5.csproj", "{126B2ADA-A171-4258-A331-408461E576D5}"
EndProject
Project("{FAE04EC0-301F-11D3-BF4B-00C04F79EFBC}") = "Tyuiu.KochetovKO.Sprint5.Task1.V5.Lib", "Tyuiu.KochetovKO.Sprint5.Task1.V5.Lib\Tyuiu.KochetovKO.Sprint5.Task1.V5.Lib.csproj", "{FCAD5929-D1AD-418A-87F7-B5A14A2BBD9C}"
EndProject
Project("{FAE04EC0-301F-11D3-BF4B-00C04F79EFBC}") = "Tyuiu.KochetovKO.Sprint5.Task1.V5.Test", "Tyuiu.KochetovKO.Sprint5.Task1.V5.Test\Tyuiu.KochetovKO.Sprint5.Task1.V5.Test.csproj", "{261DC09F-71AE-4B4B-A05E-640D6C8E017C}"
EndProject
Project("{2150E333-8FDC-42A3-9474-1A3956D46DE8}") = "Task2", "Task2", "{34E14BC3-4263-478B-8E53-EE53B7A5631E}"
EndProject
Project("{2150E333-8FDC-42A3-9474-1A3956D46DE8}") = "Task3", "Task3", "{257FA4C3-FAAD-4EB4-96BE-72B261B66146}"
EndProject
Project("{FAE04EC0-301F-11D3-BF4B-00C04F79EFBC}") = "Tyuiu.KochetovKO.Sprint5.Task2.V23", "Tyuiu.KochetovKO.Sprint5.Task2.V23\Tyuiu.KochetovKO.Sprint5.Task2.V23.csproj", "{295BC132-2367-4B2B-A63E-5668E88817DD}"
EndProject
Project("{FAE04EC0-301F-11D3-BF4B-00C04F79EFBC}") = "Tyuiu.KochetovKO.Sprint5.Task2.V23.Lib", "Tyuiu.KochetovKO.Sprint5.Task2.V23.Lib\Tyuiu.KochetovKO.Sprint5.Task2.V23.Lib.csproj", "{C0192D21-BB7F-4EC3-B8E1-0700704F5B23}"
EndProject
Project("{FAE04EC0-301F-11D3-BF4B-00C04F79EFBC}") = "Tyuiu.KochetovKO.Sprint5.Task2.V23.Test", "Tyuiu.KochetovKO.Sprint5.Task2.V23.Test\Tyuiu.KochetovKO.Sprint5.Task2.V23.Test.csproj", "{2BA128B0-D425-4B78-93F8-0F4391D211C5}"
EndProject
Project("{FAE04EC0-301F-11D3-BF4B-00C04F79EFBC}") = "Tyuiu.KochetovKO.Sprint5.Task3.V19", "Tyuiu.KochetovKO.Sprint5.Task3.V19\Tyuiu.KochetovKO.Sprint5.Task3.V19.csproj", "{99051EF0-EE10-439C-B8BE-2F7DE794ADC5}"
EndProject
Project("{FAE04EC0-301F-11D3-BF4B-00C04F79EFBC}") = "Tyuiu.KochetovKO.Sprint5.Task3.V19.Lib", "Tyuiu.KochetovKO.Sprint5.Task3.V19.Lib\Tyuiu.KochetovKO.Sprint5.Task3.V19.Lib.csproj", "{2348BC64-35E0-4A54-B58A-5565B5BA8458}"
EndProject
Project("{FAE04EC0-301F-11D3-BF4B-00C04F79EFBC}") = "Tyuiu.KochetovKO.Sprint5.Task3.V19.Test", "Tyuiu.KochetovKO.Sprint5.Task3.V19.Test\Tyuiu.KochetovKO.Sprint5.Task3.V19.Test.csproj", "{0934ADCC-8141-46BB-9992-ED148A90D402}"
EndProject
Project("{2150E333-8FDC-42A3-9474-1A3956D46DE8}") = "Task4", "Task4", "{09A913F6-062A-46A8-818C-4744CBA62672}"
EndProject
Project("{FAE04EC0-301F-11D3-BF4B-00C04F79EFBC}") = "Tyuiu.KochetovKO.Sprint5.Task4.V7", "Tyuiu.KochetovKO.Sprint5.Task4.V7\Tyuiu.KochetovKO.Sprint5.Task4.V7.csproj", "{D7BD554A-0AEB-4E4F-84B4-D36C83400F5F}"
EndProject
Project("{FAE04EC0-301F-11D3-BF4B-00C04F79EFBC}") = "Tyuiu.KochetovKO.Sprint5.Task4.V7.Lib", "Tyuiu.KochetovKO.Sprint5.Task4.V7.Lib\Tyuiu.KochetovKO.Sprint5.Task4.V7.Lib.csproj", "{2184FF23-A546-4631-AEE9-54803567E20D}"
EndProject
Project("{FAE04EC0-301F-11D3-BF4B-00C04F79EFBC}") = "Tyuiu.KochetovKO.Sprint5.Task4.V7.Test", "Tyuiu.KochetovKO.Sprint5.Task4.V7.Test\Tyuiu.KochetovKO.Sprint5.Task4.V7.Test.csproj", "{2373B88B-7180-4D28-960C-EFBD233F84EA}"
EndProject
Project("{2150E333-8FDC-42A3-9474-1A3956D46DE8}") = "Solution Items", "Solution Items", "{6ED6A9DA-4D0A-4443-8AB7-D5EBD35B790D}"
EndProject
Project("{2150E333-8FDC-42A3-9474-1A3956D46DE8}") = "Task5", "Task5", "{690BA858-1D2E-4544-ABC8-DD8578F059E2}"
EndProject
Project("{FAE04EC0-301F-11D3-BF4B-00C04F79EFBC}") = "Tyuiu.KochetovKO.Sprint5.Task5.V3", "Tyuiu.KochetovKO.Sprint5.Task5.V3\Tyuiu.KochetovKO.Sprint5.Task5.V3.csproj", "{CD5D0D54-1BA9-4290-A6AB-1A8F2D6334FE}"
EndProject
Project("{FAE04EC0-301F-11D3-BF4B-00C04F79EFBC}") = "Tyuiu.KochetovKO.Sprint5.Task5.V3.Lib", "Tyuiu.KochetovKO.Sprint5.Task5.V3.Lib\Tyuiu.KochetovKO.Sprint5.Task5.V3.Lib.csproj", "{3E24168A-4349-40C0-BD21-4DCB882AD5CA}"
EndProject
Project("{FAE04EC0-301F-11D3-BF4B-00C04F79EFBC}") = "Tyuiu.KochetovKO.Sprint5.Task5.V3.Test", "Tyuiu.KochetovKO.Sprint5.Task5.V3.Test\Tyuiu.KochetovKO.Sprint5.Task5.V3.Test.csproj", "{540C8490-3CBD-42A8-BE24-4BC5B080020B}"
EndProject
Global
	GlobalSection(SolutionConfigurationPlatforms) = preSolution
		Debug|Any CPU = Debug|Any CPU
		Release|Any CPU = Release|Any CPU
	EndGlobalSection
	GlobalSection(ProjectConfigurationPlatforms) = postSolution
		{0FD84BAD-43BC-4514-9AE0-8CF6A4209777}.Debug|Any CPU.ActiveCfg = Debug|Any CPU
		{0FD84BAD-43BC-4514-9AE0-8CF6A4209777}.Debug|Any CPU.Build.0 = Debug|Any CPU
		{0FD84BAD-43BC-4514-9AE0-8CF6A4209777}.Release|Any CPU.ActiveCfg = Release|Any CPU
		{0FD84BAD-43BC-4514-9AE0-8CF6A4209777}.Release|Any CPU.Build.0 = Release|Any CPU
		{279653AC-C7CE-4D3D-9B32-0696146404CA}.Debug|Any CPU.ActiveCfg = Debug|Any CPU
		{279653AC-C7CE-4D3D-9B32-0696146404CA}.Debug|Any CPU.Build.0 = Debug|Any CPU
		{279653AC-C7CE-4D3D-9B32-0696146404CA}.Release|Any CPU.ActiveCfg = Release|Any CPU
		{279653AC-C7CE-4D3D-9B32-0696146404CA}.Release|Any CPU.Build.0 = Release|Any CPU
		{4E91AF3D-CC32-4849-9FF2-028CDD16A547}.Debug|Any CPU.ActiveCfg = Debug|Any CPU
		{4E91AF3D-CC32-4849-9FF2-028CDD16A547}.Debug|Any CPU.Build.0 = Debug|Any CPU
		{4E91AF3D-CC32-4849-9FF2-028CDD16A547}.Release|Any CPU.ActiveCfg = Release|Any CPU
		{4E91AF3D-CC32-4849-9FF2-028CDD16A547}.Release|Any CPU.Build.0 = Release|Any CPU
		{126B2ADA-A171-4258-A331-408461E576D5}.Debug|Any CPU.ActiveCfg = Debug|Any CPU
		{126B2ADA-A171-4258-A331-408461E576D5}.Debug|Any CPU.Build.0 = Debug|Any CPU
		{126B2ADA-A171-4258-A331-408461E576D5}.Release|Any CPU.ActiveCfg = Release|Any CPU
		{126B2ADA-A171-4258-A331-408461E576D5}.Release|Any CPU.Build.0 = Release|Any CPU
		{FCAD5929-D1AD-418A-87F7-B5A14A2BBD9C}.Debug|Any CPU.ActiveCfg = Debug|Any CPU
		{FCAD5929-D1AD-418A-87F7-B5A14A2BBD9C}.Debug|Any CPU.Build.0 = Debug|Any CPU
		{FCAD5929-D1AD-418A-87F7-B5A14A2BBD9C}.Release|Any CPU.ActiveCfg = Release|Any CPU
		{FCAD5929-D1AD-418A-87F7-B5A14A2BBD9C}.Release|Any CPU.Build.0 = Release|Any CPU
		{261DC09F-71AE-4B4B-A05E-640D6C8E017C}.Debug|Any CPU.ActiveCfg = Debug|Any CPU
		{261DC09F-71AE-4B4B-A05E-640D6C8E017C}.Debug|Any CPU.Build.0 = Debug|Any CPU
		{261DC09F-71AE-4B4B-A05E-640D6C8E017C}.Release|Any CPU.ActiveCfg = Release|Any CPU
		{261DC09F-71AE-4B4B-A05E-640D6C8E017C}.Release|Any CPU.Build.0 = Release|Any CPU
		{295BC132-2367-4B2B-A63E-5668E88817DD}.Debug|Any CPU.ActiveCfg = Debug|Any CPU
		{295BC132-2367-4B2B-A63E-5668E88817DD}.Debug|Any CPU.Build.0 = Debug|Any CPU
		{295BC132-2367-4B2B-A63E-5668E88817DD}.Release|Any CPU.ActiveCfg = Release|Any CPU
		{295BC132-2367-4B2B-A63E-5668E88817DD}.Release|Any CPU.Build.0 = Release|Any CPU
		{C0192D21-BB7F-4EC3-B8E1-0700704F5B23}.Debug|Any CPU.ActiveCfg = Debug|Any CPU
		{C0192D21-BB7F-4EC3-B8E1-0700704F5B23}.Debug|Any CPU.Build.0 = Debug|Any CPU
		{C0192D21-BB7F-4EC3-B8E1-0700704F5B23}.Release|Any CPU.ActiveCfg = Release|Any CPU
		{C0192D21-BB7F-4EC3-B8E1-0700704F5B23}.Release|Any CPU.Build.0 = Release|Any CPU
		{2BA128B0-D425-4B78-93F8-0F4391D211C5}.Debug|Any CPU.ActiveCfg = Debug|Any CPU
		{2BA128B0-D425-4B78-93F8-0F4391D211C5}.Debug|Any CPU.Build.0 = Debug|Any CPU
		{2BA128B0-D425-4B78-93F8-0F4391D211C5}.Release|Any CPU.ActiveCfg = Release|Any CPU
		{2BA128B0-D425-4B78-93F8-0F4391D211C5}.Release|Any CPU.Build.0 = Release|Any CPU
		{99051EF0-EE10-439C-B8BE-2F7DE794ADC5}.Debug|Any CPU.ActiveCfg = Debug|Any CPU
		{99051EF0-EE10-439C-B8BE-2F7DE794ADC5}.Debug|Any CPU.Build.0 = Debug|Any CPU
		{99051EF0-EE10-439C-B8BE-2F7DE794ADC5}.Release|Any CPU.ActiveCfg = Release|Any CPU
		{99051EF0-EE10-439C-B8BE-2F7DE794ADC5}.Release|Any CPU.Build.0 = Release|Any CPU
		{2348BC64-35E0-4A54-B58A-5565B5BA8458}.Debug|Any CPU.ActiveCfg = Debug|Any CPU
		{2348BC64-35E0-4A54-B58A-5565B5BA8458}.Debug|Any CPU.Build.0 = Debug|Any CPU
		{2348BC64-35E0-4A54-B58A-5565B5BA8458}.Release|Any CPU.ActiveCfg = Release|Any CPU
		{2348BC64-35E0-4A54-B58A-5565B5BA8458}.Release|Any CPU.Build.0 = Release|Any CPU
		{0934ADCC-8141-46BB-9992-ED148A90D402}.Debug|Any CPU.ActiveCfg = Debug|Any CPU
		{0934ADCC-8141-46BB-9992-ED148A90D402}.Debug|Any CPU.Build.0 = Debug|Any CPU
		{0934ADCC-8141-46BB-9992-ED148A90D402}.Release|Any CPU.ActiveCfg = Release|Any CPU
		{0934ADCC-8141-46BB-9992-ED148A90D402}.Release|Any CPU.Build.0 = Release|Any CPU
		{D7BD554A-0AEB-4E4F-84B4-D36C83400F5F}.Debug|Any CPU.ActiveCfg = Debug|Any CPU
		{D7BD554A-0AEB-4E4F-84B4-D36C83400F5F}.Debug|Any CPU.Build.0 = Debug|Any CPU
		{D7BD554A-0AEB-4E4F-84B4-D36C83400F5F}.Release|Any CPU.ActiveCfg = Release|Any CPU
		{D7BD554A-0AEB-4E4F-84B4-D36C83400F5F}.Release|Any CPU.Build.0 = Release|Any CPU
		{2184FF23-A546-4631-AEE9-54803567E20D}.Debug|Any CPU.ActiveCfg = Debug|Any CPU
		{2184FF23-A546-4631-AEE9-54803567E20D}.Debug|Any CPU.Build.0 = Debug|Any CPU
		{2184FF23-A546-4631-AEE9-54803567E20D}.Release|Any CPU.ActiveCfg = Release|Any CPU
		{2184FF23-A546-4631-AEE9-54803567E20D}.Release|Any CPU.Build.0 = Release|Any CPU
		{2373B88B-7180-4D28-960C-EFBD233F84EA}.Debug|Any CPU.ActiveCfg = Debug|Any CPU
		{2373B88B-7180-4D28-960C-EFBD233F84EA}.Debug|Any CPU.Build.0 = Debug|Any CPU
		{2373B88B-7180-4D28-960C-EFBD233F84EA}.Release|Any CPU.ActiveCfg = Release|Any CPU
		{2373B88B-7180-4D28-960C-EFBD233F84EA}.Release|Any CPU.Build.0 = Release|Any CPU
		{CD5D0D54-1BA9-4290-A6AB-1A8F2D6334FE}.Debug|Any CPU.ActiveCfg = Debug|Any CPU
		{CD5D0D54-1BA9-4290-A6AB-1A8F2D6334FE}.Debug|Any CPU.Build.0 = Debug|Any CPU
		{CD5D0D54-1BA9-4290-A6AB-1A8F2D6334FE}.Release|Any CPU.ActiveCfg = Release|Any CPU
		{CD5D0D54-1BA9-4290-A6AB-1A8F2D6334FE}.Release|Any CPU.Build.0 = Release|Any CPU
		{3E24168A-4349-40C0-BD21-4DCB882AD5CA}.Debug|Any CPU.ActiveCfg = Debug|Any CPU
		{3E24168A-4349-40C0-BD21-4DCB882AD5CA}.Debug|Any CPU.Build.0 = Debug|Any CPU
		{3E24168A-4349-40C0-BD21-4DCB882AD5CA}.Release|Any CPU.ActiveCfg = Release|Any CPU
		{3E24168A-4349-40C0-BD21-4DCB882AD5CA}.Release|Any CPU.Build.0 = Release|Any CPU
		{540C8490-3CBD-42A8-BE24-4BC5B080020B}.Debug|Any CPU.ActiveCfg = Debug|Any CPU
		{540C8490-3CBD-42A8-BE24-4BC5B080020B}.Debug|Any CPU.Build.0 = Debug|Any CPU
		{540C8490-3CBD-42A8-BE24-4BC5B080020B}.Release|Any CPU.ActiveCfg = Release|Any CPU
		{540C8490-3CBD-42A8-BE24-4BC5B080020B}.Release|Any CPU.Build.0 = Release|Any CPU
	EndGlobalSection
	GlobalSection(SolutionProperties) = preSolution
		HideSolutionNode = FALSE
	EndGlobalSection
	GlobalSection(NestedProjects) = preSolution
		{0FD84BAD-43BC-4514-9AE0-8CF6A4209777} = {02EA681E-C7D8-13C7-8484-4AC65E1B71E8}
		{279653AC-C7CE-4D3D-9B32-0696146404CA} = {02EA681E-C7D8-13C7-8484-4AC65E1B71E8}
		{4E91AF3D-CC32-4849-9FF2-028CDD16A547} = {02EA681E-C7D8-13C7-8484-4AC65E1B71E8}
		{126B2ADA-A171-4258-A331-408461E576D5} = {9DEC8741-BE49-4CF2-A61E-A58C585BDB9B}
		{FCAD5929-D1AD-418A-87F7-B5A14A2BBD9C} = {9DEC8741-BE49-4CF2-A61E-A58C585BDB9B}
		{261DC09F-71AE-4B4B-A05E-640D6C8E017C} = {9DEC8741-BE49-4CF2-A61E-A58C585BDB9B}
		{295BC132-2367-4B2B-A63E-5668E88817DD} = {34E14BC3-4263-478B-8E53-EE53B7A5631E}
		{C0192D21-BB7F-4EC3-B8E1-0700704F5B23} = {34E14BC3-4263-478B-8E53-EE53B7A5631E}
		{2BA128B0-D425-4B78-93F8-0F4391D211C5} = {34E14BC3-4263-478B-8E53-EE53B7A5631E}
		{99051EF0-EE10-439C-B8BE-2F7DE794ADC5} = {257FA4C3-FAAD-4EB4-96BE-72B261B66146}
		{2348BC64-35E0-4A54-B58A-5565B5BA8458} = {257FA4C3-FAAD-4EB4-96BE-72B261B66146}
		{0934ADCC-8141-46BB-9992-ED148A90D402} = {257FA4C3-FAAD-4EB4-96BE-72B261B66146}
		{D7BD554A-0AEB-4E4F-84B4-D36C83400F5F} = {09A913F6-062A-46A8-818C-4744CBA62672}
		{2184FF23-A546-4631-AEE9-54803567E20D} = {09A913F6-062A-46A8-818C-4744CBA62672}
		{2373B88B-7180-4D28-960C-EFBD233F84EA} = {09A913F6-062A-46A8-818C-4744CBA62672}
		{CD5D0D54-1BA9-4290-A6AB-1A8F2D6334FE} = {690BA858-1D2E-4544-ABC8-DD8578F059E2}
		{3E24168A-4349-40C0-BD21-4DCB882AD5CA} = {690BA858-1D2E-4544-ABC8-DD8578F059E2}
		{540C8490-3CBD-42A8-BE24-4BC5B080020B} = {690BA858-1D2E-4544-ABC8-DD8578F059E2}
	EndGlobalSection
	GlobalSection(ExtensibilityGlobals) = postSolution
		SolutionGuid = {68D0DDF3-D743-45BE-BAFF-285320747B0E}
	EndGlobalSection
EndGlobal
